<?xml version="1.0" encoding="utf-8"?>
<Project ToolsVersion="4.0" xmlns="http://schemas.microsoft.com/developer/msbuild/2003">
  <ItemGroup>
    <Filter Include="Source Files">
      <UniqueIdentifier>{37d70279-4cab-471a-a44f-54bf2bf9c8bc}</UniqueIdentifier>
      <Extensions>cpp;c;cxx;rc;def;r;odl;idl;hpj;bat</Extensions>
    </Filter>
    <Filter Include="Header Files">
      <UniqueIdentifier>{bc0dfd16-e9d0-4d1f-8522-5ab8f67f7ed1}</UniqueIdentifier>
      <Extensions>h;hpp;hxx;hm;inl</Extensions>
    </Filter>
    <Filter Include="lib">
      <UniqueIdentifier>{3c3643b7-c111-45f3-9ca3-252c6a1d7035}</UniqueIdentifier>
    </Filter>
    <Filter Include="Resource Files">
      <UniqueIdentifier>{376af551-dae7-4cad-b98e-278230bec7da}</UniqueIdentifier>
      <Extensions>ico;cur;bmp;dlg;rc2;rct;bin;rgs;gif;jpg;jpeg;jpe</Extensions>
    </Filter>
  </ItemGroup>
  <ItemGroup>
    <ClCompile Include="src\allocator.c">
      <Filter>Source Files</Filter>
    </ClCompile>
    <ClCompile Include="src\arena.c">
      <Filter>Source Files</Filter>
    </ClCompile>
    <ClCompile Include="src\collector.c">
      <Filter>Source Files</Filter>
    </ClCompile>
    <ClCompile Include="src\compiler.c">
      <Filter>Source Files</Filter>
    </ClCompile>
    <ClCompile Include="src\extend.c">
      <Filter>Source Files</Filter>
    </ClCompile>
    <ClCompile Include="src\generator.c">
      <Filter>Source Files</Filter>
    </ClCompile>
    <ClCompile Include="src\hash.c">
      <Filter>Source Files</Filter>
    </ClCompile>
    <ClCompile Include="src\input.c">
      <Filter>Source Files</Filter>
    </ClCompile>
    <ClCompile Include="src\laccessor.c">
      <Filter>Source Files</Filter>
    </ClCompile>
    <ClCompile Include="src\larray.c">
      <Filter>Source Files</Filter>
    </ClCompile>
    <ClCompile Include="src\lboolean.c">
      <Filter>Source Files</Filter>
    </ClCompile>
    <ClCompile Include="src\lclass.c">
      <Filter>Source Files</Filter>
    </ClCompile>
    <ClCompile Include="src\lcontinuation.c">
      <Filter>Source Files</Filter>
    </ClCompile>
    <ClCompile Include="src\lcoroutine.c">
      <Filter>Source Files</Filter>
    </ClCompile>
    <ClCompile Include="src\ldictionary.c">
      <Filter>Source Files</Filter>
    </ClCompile>
    <ClCompile Include="src\lemon.c">
      <Filter>Source Files</Filter>
    </ClCompile>
    <ClCompile Include="src\lexception.c">
      <Filter>Source Files</Filter>
    </ClCompile>
    <ClCompile Include="src\lexer.c">
      <Filter>Source Files</Filter>
    </ClCompile>
    <ClCompile Include="src\lframe.c">
      <Filter>Source Files</Filter>
    </ClCompile>
    <ClCompile Include="src\lfunction.c">
      <Filter>Source Files</Filter>
    </ClCompile>
    <ClCompile Include="src\linstance.c">
      <Filter>Source Files</Filter>
    </ClCompile>
    <ClCompile Include="src\linteger.c">
      <Filter>Source Files</Filter>
    </ClCompile>
    <ClCompile Include="src\literator.c">
      <Filter>Source Files</Filter>
    </ClCompile>
    <ClCompile Include="src\lkarg.c">
      <Filter>Source Files</Filter>
    </ClCompile>
    <ClCompile Include="src\lmodule.c">
      <Filter>Source Files</Filter>
    </ClCompile>
    <ClCompile Include="src\lnil.c">
      <Filter>Source Files</Filter>
    </ClCompile>
    <ClCompile Include="src\lnumber.c">
      <Filter>Source Files</Filter>
    </ClCompile>
    <ClCompile Include="src\lobject.c">
      <Filter>Source Files</Filter>
    </ClCompile>
    <ClCompile Include="src\lsentinel.c">
      <Filter>Source Files</Filter>
    </ClCompile>
    <ClCompile Include="src\lstring.c">
      <Filter>Source Files</Filter>
    </ClCompile>
    <ClCompile Include="src\lsuper.c">
      <Filter>Source Files</Filter>
    </ClCompile>
    <ClCompile Include="src\ltable.c">
      <Filter>Source Files</Filter>
    </ClCompile>
    <ClCompile Include="src\ltype.c">
      <Filter>Source Files</Filter>
    </ClCompile>
    <ClCompile Include="src\lvarg.c">
      <Filter>Source Files</Filter>
    </ClCompile>
    <ClCompile Include="src\lvkarg.c">
      <Filter>Source Files</Filter>
    </ClCompile>
    <ClCompile Include="src\machine.c">
      <Filter>Source Files</Filter>
    </ClCompile>
    <ClCompile Include="src\main.c">
      <Filter>Source Files</Filter>
    </ClCompile>
    <ClCompile Include="src\mpool.c">
      <Filter>Source Files</Filter>
    </ClCompile>
    <ClCompile Include="src\opcode.c">
      <Filter>Source Files</Filter>
    </ClCompile>
    <ClCompile Include="src\parser.c">
      <Filter>Source Files</Filter>
    </ClCompile>
    <ClCompile Include="src\peephole.c">
      <Filter>Source Files</Filter>
    </ClCompile>
    <ClCompile Include="src\scope.c">
      <Filter>Source Files</Filter>
    </ClCompile>
    <ClCompile Include="src\shell.c">
      <Filter>Source Files</Filter>
    </ClCompile>
    <ClCompile Include="src\symbol.c">
      <Filter>Source Files</Filter>
    </ClCompile>
    <ClCompile Include="src\syntax.c">
      <Filter>Source Files</Filter>
    </ClCompile>
    <ClCompile Include="src\table.c">
      <Filter>Source Files</Filter>
    </ClCompile>
    <ClCompile Include="src\token.c">
      <Filter>Source Files</Filter>
    </ClCompile>
    <ClCompile Include="lib\builtin.c">
      <Filter>lib</Filter>
    </ClCompile>
    <ClCompile Include="lib\os.c">
      <Filter>lib</Filter>
    </ClCompile>
    <ClCompile Include="lib\socket.c">
      <Filter>lib</Filter>
    </ClCompile>
  </ItemGroup>
  <ItemGroup>
    <ClInclude Include="src\allocator.h">
      <Filter>Header Files</Filter>
    </ClInclude>
    <ClInclude Include="src\arena.h">
      <Filter>Header Files</Filter>
    </ClInclude>
    <ClInclude Include="src\collector.h">
      <Filter>Header Files</Filter>
    </ClInclude>
    <ClInclude Include="src\compiler.h">
      <Filter>Header Files</Filter>
    </ClInclude>
    <ClInclude Include="src\extend.h">
      <Filter>Header Files</Filter>
    </ClInclude>
    <ClInclude Include="src\generator.h">
      <Filter>Header Files</Filter>
    </ClInclude>
    <ClInclude Include="src\hash.h">
      <Filter>Header Files</Filter>
    </ClInclude>
    <ClInclude Include="src\input.h">
      <Filter>Header Files</Filter>
    </ClInclude>
    <ClInclude Include="src\laccessor.h">
      <Filter>Header Files</Filter>
    </ClInclude>
    <ClInclude Include="src\larray.h">
      <Filter>Header Files</Filter>
    </ClInclude>
    <ClInclude Include="src\lboolean.h">
      <Filter>Header Files</Filter>
    </ClInclude>
    <ClInclude Include="src\lclass.h">
      <Filter>Header Files</Filter>
    </ClInclude>
    <ClInclude Include="src\lcontinuation.h">
      <Filter>Header Files</Filter>
    </ClInclude>
    <ClInclude Include="src\lcoroutine.h">
      <Filter>Header Files</Filter>
    </ClInclude>
    <ClInclude Include="src\ldictionary.h">
      <Filter>Header Files</Filter>
    </ClInclude>
    <ClInclude Include="src\lemon.h">
      <Filter>Header Files</Filter>
    </ClInclude>
    <ClInclude Include="src\lexception.h">
      <Filter>Header Files</Filter>
    </ClInclude>
    <ClInclude Include="src\lexer.h">
      <Filter>Header Files</Filter>
    </ClInclude>
    <ClInclude Include="src\lframe.h">
      <Filter>Header Files</Filter>
    </ClInclude>
    <ClInclude Include="src\lfunction.h">
      <Filter>Header Files</Filter>
    </ClInclude>
    <ClInclude Include="src\linstance.h">
      <Filter>Header Files</Filter>
    </ClInclude>
    <ClInclude Include="src\linteger.h">
      <Filter>Header Files</Filter>
    </ClInclude>
    <ClInclude Include="src\literator.h">
      <Filter>Header Files</Filter>
    </ClInclude>
    <ClInclude Include="src\lkarg.h">
      <Filter>Header Files</Filter>
    </ClInclude>
    <ClInclude Include="src\lmodule.h">
      <Filter>Header Files</Filter>
    </ClInclude>
    <ClInclude Include="src\lnil.h">
      <Filter>Header Files</Filter>
    </ClInclude>
    <ClInclude Include="src\lnumber.h">
      <Filter>Header Files</Filter>
    </ClInclude>
    <ClInclude Include="src\lobject.h">
      <Filter>Header Files</Filter>
    </ClInclude>
    <ClInclude Include="src\lsentinel.h">
      <Filter>Header Files</Filter>
    </ClInclude>
    <ClInclude Include="src\lstring.h">
      <Filter>Header Files</Filter>
    </ClInclude>
    <ClInclude Include="src\lsuper.h">
      <Filter>Header Files</Filter>
    </ClInclude>
    <ClInclude Include="src\ltable.h">
      <Filter>Header Files</Filter>
    </ClInclude>
    <ClInclude Include="src\ltype.h">
      <Filter>Header Files</Filter>
    </ClInclude>
    <ClInclude Include="src\lvarg.h">
      <Filter>Header Files</Filter>
    </ClInclude>
    <ClInclude Include="src\lvkarg.h">
      <Filter>Header Files</Filter>
    </ClInclude>
    <ClInclude Include="src\machine.h">
      <Filter>Header Files</Filter>
    </ClInclude>
    <ClInclude Include="src\mpool.h">
      <Filter>Header Files</Filter>
    </ClInclude>
    <ClInclude Include="src\opcode.h">
      <Filter>Header Files</Filter>
    </ClInclude>
    <ClInclude Include="src\parser.h">
      <Filter>Header Files</Filter>
    </ClInclude>
    <ClInclude Include="src\peephole.h">
      <Filter>Header Files</Filter>
    </ClInclude>
    <ClInclude Include="src\scope.h">
      <Filter>Header Files</Filter>
    </ClInclude>
    <ClInclude Include="src\shell.h">
      <Filter>Header Files</Filter>
    </ClInclude>
    <ClInclude Include="src\symbol.h">
      <Filter>Header Files</Filter>
    </ClInclude>
    <ClInclude Include="src\syntax.h">
      <Filter>Header Files</Filter>
    </ClInclude>
    <ClInclude Include="src\table.h">
      <Filter>Header Files</Filter>
    </ClInclude>
    <ClInclude Include="src\token.h">
      <Filter>Header Files</Filter>
    </ClInclude>
    <ClInclude Include="lib\builtin.h">
      <Filter>lib</Filter>
    </ClInclude>
    <ClInclude Include="lib\os.h">
      <Filter>lib</Filter>
    </ClInclude>
    <ClInclude Include="lib\socket.h">
      <Filter>lib</Filter>
    </ClInclude>
  </ItemGroup>
</Project>